
Microsoft Visual Studio Solution File, Format Version 12.00
# Visual Studio Version 16
VisualStudioVersion = 16.0.29905.134
MinimumVisualStudioVersion = 10.0.40219.1
Project("{9A19103F-16F7-4668-BE54-9A1E7A4F7556}") = "Project0.App", "Project0\Project0.App.csproj", "{2FF81907-0F8B-4C1F-94F7-39E575B36D90}"
EndProject
Project("{9A19103F-16F7-4668-BE54-9A1E7A4F7556}") = "Project0.Library", "Project0.Library\Project0.Library.csproj", "{D6B477C9-5C10-4383-9401-F41FAA634551}"
EndProject
Global
	GlobalSection(SolutionConfigurationPlatforms) = preSolution
		Debug|Any CPU = Debug|Any CPU
		Release|Any CPU = Release|Any CPU
	EndGlobalSection
	GlobalSection(ProjectConfigurationPlatforms) = postSolution
		{2FF81907-0F8B-4C1F-94F7-39E575B36D90}.Debug|Any CPU.ActiveCfg = Debug|Any CPU
		{2FF81907-0F8B-4C1F-94F7-39E575B36D90}.Debug|Any CPU.Build.0 = Debug|Any CPU
		{2FF81907-0F8B-4C1F-94F7-39E575B36D90}.Release|Any CPU.ActiveCfg = Release|Any CPU
		{2FF81907-0F8B-4C1F-94F7-39E575B36D90}.Release|Any CPU.Build.0 = Release|Any CPU
		{D6B477C9-5C10-4383-9401-F41FAA634551}.Debug|Any CPU.ActiveCfg = Debug|Any CPU
		{D6B477C9-5C10-4383-9401-F41FAA634551}.Debug|Any CPU.Build.0 = Debug|Any CPU
		{D6B477C9-5C10-4383-9401-F41FAA634551}.Release|Any CPU.ActiveCfg = Release|Any CPU
		{D6B477C9-5C10-4383-9401-F41FAA634551}.Release|Any CPU.Build.0 = Release|Any CPU
	EndGlobalSection
	GlobalSection(SolutionProperties) = preSolution
		HideSolutionNode = FALSE
	EndGlobalSection
	GlobalSection(ExtensibilityGlobals) = postSolution
		SolutionGuid = {D9A37603-447C-4F73-8733-E869D1311A50}
	EndGlobalSection
EndGlobal
